// !$*UTF8*$!
{
	archiveVersion = 1;
	classes = {
	};
	objectVersion = 55;
	objects = {

/* Begin PBXBuildFile section */
		5C8C0BA8EB4356636FDCEF39 /* Pods_com_test_satracking_sdk_demo.framework in Frameworks */ = {isa = PBXBuildFile; fileRef = 149696C4F746E8642AEE929B /* Pods_com_test_satracking_sdk_demo.framework */; };
		B5B084BB28B7812700238210 /* AppDelegate.swift in Sources */ = {isa = PBXBuildFile; fileRef = B5B084BA28B7812700238210 /* AppDelegate.swift */; };
		B5B084BD28B7812700238210 /* SceneDelegate.swift in Sources */ = {isa = PBXBuildFile; fileRef = B5B084BC28B7812700238210 /* SceneDelegate.swift */; };
		B5B084BF28B7812700238210 /* ViewController.swift in Sources */ = {isa = PBXBuildFile; fileRef = B5B084BE28B7812700238210 /* ViewController.swift */; };
		B5B084C228B7812700238210 /* Main.storyboard in Resources */ = {isa = PBXBuildFile; fileRef = B5B084C028B7812700238210 /* Main.storyboard */; };
		B5B084C428B7812800238210 /* Assets.xcassets in Resources */ = {isa = PBXBuildFile; fileRef = B5B084C328B7812800238210 /* Assets.xcassets */; };
		B5B084C728B7812800238210 /* LaunchScreen.storyboard in Resources */ = {isa = PBXBuildFile; fileRef = B5B084C528B7812800238210 /* LaunchScreen.storyboard */; };
/* End PBXBuildFile section */

/* Begin PBXFileReference section */
		149696C4F746E8642AEE929B /* Pods_com_test_satracking_sdk_demo.framework */ = {isa = PBXFileReference; explicitFileType = wrapper.framework; includeInIndex = 0; path = Pods_com_test_satracking_sdk_demo.framework; sourceTree = BUILT_PRODUCTS_DIR; };
		5F6C040544BACABF51D1F8C2 /* Pods-com.test.satracking.sdk.demo.debug.xcconfig */ = {isa = PBXFileReference; includeInIndex = 1; lastKnownFileType = text.xcconfig; name = "Pods-com.test.satracking.sdk.demo.debug.xcconfig"; path = "Target Support Files/Pods-com.test.satracking.sdk.demo/Pods-com.test.satracking.sdk.demo.debug.xcconfig"; sourceTree = "<group>"; };
		A92379EEF1E2EC8836E64EAA /* Pods-com.test.satracking.sdk.demo.release.xcconfig */ = {isa = PBXFileReference; includeInIndex = 1; lastKnownFileType = text.xcconfig; name = "Pods-com.test.satracking.sdk.demo.release.xcconfig"; path = "Target Support Files/Pods-com.test.satracking.sdk.demo/Pods-com.test.satracking.sdk.demo.release.xcconfig"; sourceTree = "<group>"; };
		B5B084B728B7812700238210 /* com.test.satracking.sdk.demo.app */ = {isa = PBXFileReference; explicitFileType = wrapper.application; includeInIndex = 0; path = com.test.satracking.sdk.demo.app; sourceTree = BUILT_PRODUCTS_DIR; };
		B5B084BA28B7812700238210 /* AppDelegate.swift */ = {isa = PBXFileReference; lastKnownFileType = sourcecode.swift; path = AppDelegate.swift; sourceTree = "<group>"; };
		B5B084BC28B7812700238210 /* SceneDelegate.swift */ = {isa = PBXFileReference; lastKnownFileType = sourcecode.swift; path = SceneDelegate.swift; sourceTree = "<group>"; };
		B5B084BE28B7812700238210 /* ViewController.swift */ = {isa = PBXFileReference; lastKnownFileType = sourcecode.swift; path = ViewController.swift; sourceTree = "<group>"; };
		B5B084C128B7812700238210 /* Base */ = {isa = PBXFileReference; lastKnownFileType = file.storyboard; name = Base; path = Base.lproj/Main.storyboard; sourceTree = "<group>"; };
		B5B084C328B7812800238210 /* Assets.xcassets */ = {isa = PBXFileReference; lastKnownFileType = folder.assetcatalog; path = Assets.xcassets; sourceTree = "<group>"; };
		B5B084C628B7812800238210 /* Base */ = {isa = PBXFileReference; lastKnownFileType = file.storyboard; name = Base; path = Base.lproj/LaunchScreen.storyboard; sourceTree = "<group>"; };
		B5B084C828B7812800238210 /* Info.plist */ = {isa = PBXFileReference; lastKnownFileType = text.plist.xml; path = Info.plist; sourceTree = "<group>"; };
/* End PBXFileReference section */

/* Begin PBXFrameworksBuildPhase section */
		B5B084B428B7812700238210 /* Frameworks */ = {
			isa = PBXFrameworksBuildPhase;
			buildActionMask = 2147483647;
			files = (
				5C8C0BA8EB4356636FDCEF39 /* Pods_com_test_satracking_sdk_demo.framework in Frameworks */,
			);
			runOnlyForDeploymentPostprocessing = 0;
		};
/* End PBXFrameworksBuildPhase section */

/* Begin PBXGroup section */
		708511F84D4B50A4C2C9BF21 /* Pods */ = {
			isa = PBXGroup;
			children = (
				5F6C040544BACABF51D1F8C2 /* Pods-com.test.satracking.sdk.demo.debug.xcconfig */,
				A92379EEF1E2EC8836E64EAA /* Pods-com.test.satracking.sdk.demo.release.xcconfig */,
			);
			path = Pods;
			sourceTree = "<group>";
		};
		B5B084AE28B7812700238210 = {
			isa = PBXGroup;
			children = (
				B5B084B928B7812700238210 /* com.test.satracking.sdk.demo */,
				B5B084B828B7812700238210 /* Products */,
				708511F84D4B50A4C2C9BF21 /* Pods */,
				D8EA2EF034485ED5FF41723F /* Frameworks */,
			);
			sourceTree = "<group>";
		};
		B5B084B828B7812700238210 /* Products */ = {
			isa = PBXGroup;
			children = (
				B5B084B728B7812700238210 /* com.test.satracking.sdk.demo.app */,
			);
			name = Products;
			sourceTree = "<group>";
		};
		B5B084B928B7812700238210 /* com.test.satracking.sdk.demo */ = {
			isa = PBXGroup;
			children = (
				B5B084BA28B7812700238210 /* AppDelegate.swift */,
				B5B084BC28B7812700238210 /* SceneDelegate.swift */,
				B5B084BE28B7812700238210 /* ViewController.swift */,
				B5B084C028B7812700238210 /* Main.storyboard */,
				B5B084C328B7812800238210 /* Assets.xcassets */,
				B5B084C528B7812800238210 /* LaunchScreen.storyboard */,
				B5B084C828B7812800238210 /* Info.plist */,
			);
			path = com.test.satracking.sdk.demo;
			sourceTree = "<group>";
		};
		D8EA2EF034485ED5FF41723F /* Frameworks */ = {
			isa = PBXGroup;
			children = (
				149696C4F746E8642AEE929B /* Pods_com_test_satracking_sdk_demo.framework */,
			);
			name = Frameworks;
			sourceTree = "<group>";
		};
/* End PBXGroup section */

/* Begin PBXNativeTarget section */
		B5B084B628B7812700238210 /* com.test.satracking.sdk.demo */ = {
			isa = PBXNativeTarget;
			buildConfigurationList = B5B084CB28B7812800238210 /* Build configuration list for PBXNativeTarget "com.test.satracking.sdk.demo" */;
			buildPhases = (
				2179885D15EF8635D21E43B0 /* [CP] Check Pods Manifest.lock */,
				B5B084B328B7812700238210 /* Sources */,
				B5B084B428B7812700238210 /* Frameworks */,
				B5B084B528B7812700238210 /* Resources */,
				7ADC84C9A18F8A3051DBE557 /* [CP] Embed Pods Frameworks */,
			);
			buildRules = (
			);
			dependencies = (
			);
			name = com.test.satracking.sdk.demo;
			productName = com.test.satracking.sdk.demo;
			productReference = B5B084B728B7812700238210 /* com.test.satracking.sdk.demo.app */;
			productType = "com.apple.product-type.application";
		};
/* End PBXNativeTarget section */

/* Begin PBXProject section */
		B5B084AF28B7812700238210 /* Project object */ = {
			isa = PBXProject;
			attributes = {
				BuildIndependentTargetsInParallel = 1;
				LastSwiftUpdateCheck = 1340;
				LastUpgradeCheck = 1340;
				TargetAttributes = {
					B5B084B628B7812700238210 = {
						CreatedOnToolsVersion = 13.4.1;
					};
				};
			};
			buildConfigurationList = B5B084B228B7812700238210 /* Build configuration list for PBXProject "com.test.satracking.sdk.demo" */;
			compatibilityVersion = "Xcode 13.0";
			developmentRegion = en;
			hasScannedForEncodings = 0;
			knownRegions = (
				en,
				Base,
			);
			mainGroup = B5B084AE28B7812700238210;
			productRefGroup = B5B084B828B7812700238210 /* Products */;
			projectDirPath = "";
			projectRoot = "";
			targets = (
				B5B084B628B7812700238210 /* com.test.satracking.sdk.demo */,
			);
		};
/* End PBXProject section */

/* Begin PBXResourcesBuildPhase section */
		B5B084B528B7812700238210 /* Resources */ = {
			isa = PBXResourcesBuildPhase;
			buildActionMask = 2147483647;
			files = (
				B5B084C728B7812800238210 /* LaunchScreen.storyboard in Resources */,
				B5B084C428B7812800238210 /* Assets.xcassets in Resources */,
				B5B084C228B7812700238210 /* Main.storyboard in Resources */,
			);
			runOnlyForDeploymentPostprocessing = 0;
		};
/* End PBXResourcesBuildPhase section */

/* Begin PBXShellScriptBuildPhase section */
		2179885D15EF8635D21E43B0 /* [CP] Check Pods Manifest.lock */ = {
			isa = PBXShellScriptBuildPhase;
			buildActionMask = 2147483647;
			files = (
			);
			inputFileListPaths = (
			);
			inputPaths = (
				"${PODS_PODFILE_DIR_PATH}/Podfile.lock",
				"${PODS_ROOT}/Manifest.lock",
			);
			name = "[CP] Check Pods Manifest.lock";
			outputFileListPaths = (
			);
			outputPaths = (
				"$(DERIVED_FILE_DIR)/Pods-com.test.satracking.sdk.demo-checkManifestLockResult.txt",
			);
			runOnlyForDeploymentPostprocessing = 0;
			shellPath = /bin/sh;
			shellScript = "diff \"${PODS_PODFILE_DIR_PATH}/Podfile.lock\" \"${PODS_ROOT}/Manifest.lock\" > /dev/null\nif [ $? != 0 ] ; then\n    # print error to STDERR\n    echo \"error: The sandbox is not in sync with the Podfile.lock. Run 'pod install' or update your CocoaPods installation.\" >&2\n    exit 1\nfi\n# This output is used by Xcode 'outputs' to avoid re-running this script phase.\necho \"SUCCESS\" > \"${SCRIPT_OUTPUT_FILE_0}\"\n";
			showEnvVarsInLog = 0;
		};
		7ADC84C9A18F8A3051DBE557 /* [CP] Embed Pods Frameworks */ = {
			isa = PBXShellScriptBuildPhase;
			buildActionMask = 2147483647;
			files = (
			);
			inputFileListPaths = (
				"${PODS_ROOT}/Target Support Files/Pods-com.test.satracking.sdk.demo/Pods-com.test.satracking.sdk.demo-frameworks-${CONFIGURATION}-input-files.xcfilelist",
			);
			name = "[CP] Embed Pods Frameworks";
			outputFileListPaths = (
				"${PODS_ROOT}/Target Support Files/Pods-com.test.satracking.sdk.demo/Pods-com.test.satracking.sdk.demo-frameworks-${CONFIGURATION}-output-files.xcfilelist",
			);
			runOnlyForDeploymentPostprocessing = 0;
			shellPath = /bin/sh;
			shellScript = "\"${PODS_ROOT}/Target Support Files/Pods-com.test.satracking.sdk.demo/Pods-com.test.satracking.sdk.demo-frameworks.sh\"\n";
			showEnvVarsInLog = 0;
		};
/* End PBXShellScriptBuildPhase section */

/* Begin PBXSourcesBuildPhase section */
		B5B084B328B7812700238210 /* Sources */ = {
			isa = PBXSourcesBuildPhase;
			buildActionMask = 2147483647;
			files = (
				B5B084BF28B7812700238210 /* ViewController.swift in Sources */,
				B5B084BB28B7812700238210 /* AppDelegate.swift in Sources */,
				B5B084BD28B7812700238210 /* SceneDelegate.swift in Sources */,
			);
			runOnlyForDeploymentPostprocessing = 0;
		};
/* End PBXSourcesBuildPhase section */

/* Begin PBXVariantGroup section */
		B5B084C028B7812700238210 /* Main.storyboard */ = {
			isa = PBXVariantGroup;
			children = (
				B5B084C128B7812700238210 /* Base */,
			);
			name = Main.storyboard;
			sourceTree = "<group>";
		};
		B5B084C528B7812800238210 /* LaunchScreen.storyboard */ = {
			isa = PBXVariantGroup;
			children = (
				B5B084C628B7812800238210 /* Base */,
			);
			name = LaunchScreen.storyboard;
			sourceTree = "<group>";
		};
/* End PBXVariantGroup section */

/* Begin XCBuildConfiguration section */
		B5B084C928B7812800238210 /* Debug */ = {
			isa = XCBuildConfiguration;
			buildSettings = {
				ALWAYS_SEARCH_USER_PATHS = NO;
				CLANG_ANALYZER_NONNULL = YES;
				CLANG_ANALYZER_NUMBER_OBJECT_CONVERSION = YES_AGGRESSIVE;
				CLANG_CXX_LANGUAGE_STANDARD = "gnu++17";
				CLANG_ENABLE_MODULES = YES;
				CLANG_ENABLE_OBJC_ARC = YES;
				CLANG_ENABLE_OBJC_WEAK = YES;
				CLANG_WARN_BLOCK_CAPTURE_AUTORELEASING = YES;
				CLANG_WARN_BOOL_CONVERSION = YES;
				CLANG_WARN_COMMA = YES;
				CLANG_WARN_CONSTANT_CONVERSION = YES;
				CLANG_WARN_DEPRECATED_OBJC_IMPLEMENTATIONS = YES;
				CLANG_WARN_DIRECT_OBJC_ISA_USAGE = YES_ERROR;
				CLANG_WARN_DOCUMENTATION_COMMENTS = YES;
				CLANG_WARN_EMPTY_BODY = YES;
				CLANG_WARN_ENUM_CONVERSION = YES;
				CLANG_WARN_INFINITE_RECURSION = YES;
				CLANG_WARN_INT_CONVERSION = YES;
				CLANG_WARN_NON_LITERAL_NULL_CONVERSION = YES;
				CLANG_WARN_OBJC_IMPLICIT_RETAIN_SELF = YES;
				CLANG_WARN_OBJC_LITERAL_CONVERSION = YES;
				CLANG_WARN_OBJC_ROOT_CLASS = YES_ERROR;
				CLANG_WARN_QUOTED_INCLUDE_IN_FRAMEWORK_HEADER = YES;
				CLANG_WARN_RANGE_LOOP_ANALYSIS = YES;
				CLANG_WARN_STRICT_PROTOTYPES = YES;
				CLANG_WARN_SUSPICIOUS_MOVE = YES;
				CLANG_WARN_UNGUARDED_AVAILABILITY = YES_AGGRESSIVE;
				CLANG_WARN_UNREACHABLE_CODE = YES;
				CLANG_WARN__DUPLICATE_METHOD_MATCH = YES;
				COPY_PHASE_STRIP = NO;
				DEBUG_INFORMATION_FORMAT = dwarf;
				ENABLE_STRICT_OBJC_MSGSEND = YES;
				ENABLE_TESTABILITY = YES;
				GCC_C_LANGUAGE_STANDARD = gnu11;
				GCC_DYNAMIC_NO_PIC = NO;
				GCC_NO_COMMON_BLOCKS = YES;
				GCC_OPTIMIZATION_LEVEL = 0;
				GCC_PREPROCESSOR_DEFINITIONS = (
					"DEBUG=1",
					"$(inherited)",
				);
				GCC_WARN_64_TO_32_BIT_CONVERSION = YES;
				GCC_WARN_ABOUT_RETURN_TYPE = YES_ERROR;
				GCC_WARN_UNDECLARED_SELECTOR = YES;
				GCC_WARN_UNINITIALIZED_AUTOS = YES_AGGRESSIVE;
				GCC_WARN_UNUSED_FUNCTION = YES;
				GCC_WARN_UNUSED_VARIABLE = YES;
				IPHONEOS_DEPLOYMENT_TARGET = 15.5;
				MTL_ENABLE_DEBUG_INFO = INCLUDE_SOURCE;
				MTL_FAST_MATH = YES;
				ONLY_ACTIVE_ARCH = YES;
				SDKROOT = iphoneos;
				SWIFT_ACTIVE_COMPILATION_CONDITIONS = DEBUG;
				SWIFT_OPTIMIZATION_LEVEL = "-Onone";
			};
			name = Debug;
		};
		B5B084CA28B7812800238210 /* Release */ = {
			isa = XCBuildConfiguration;
			buildSettings = {
				ALWAYS_SEARCH_USER_PATHS = NO;
				CLANG_ANALYZER_NONNULL = YES;
				CLANG_ANALYZER_NUMBER_OBJECT_CONVERSION = YES_AGGRESSIVE;
				CLANG_CXX_LANGUAGE_STANDARD = "gnu++17";
				CLANG_ENABLE_MODULES = YES;
				CLANG_ENABLE_OBJC_ARC = YES;
				CLANG_ENABLE_OBJC_WEAK = YES;
				CLANG_WARN_BLOCK_CAPTURE_AUTORELEASING = YES;
				CLANG_WARN_BOOL_CONVERSION = YES;
				CLANG_WARN_COMMA = YES;
				CLANG_WARN_CONSTANT_CONVERSION = YES;
				CLANG_WARN_DEPRECATED_OBJC_IMPLEMENTATIONS = YES;
				CLANG_WARN_DIRECT_OBJC_ISA_USAGE = YES_ERROR;
				CLANG_WARN_DOCUMENTATION_COMMENTS = YES;
				CLANG_WARN_EMPTY_BODY = YES;
				CLANG_WARN_ENUM_CONVERSION = YES;
				CLANG_WARN_INFINITE_RECURSION = YES;
				CLANG_WARN_INT_CONVERSION = YES;
				CLANG_WARN_NON_LITERAL_NULL_CONVERSION = YES;
				CLANG_WARN_OBJC_IMPLICIT_RETAIN_SELF = YES;
				CLANG_WARN_OBJC_LITERAL_CONVERSION = YES;
				CLANG_WARN_OBJC_ROOT_CLASS = YES_ERROR;
				CLANG_WARN_QUOTED_INCLUDE_IN_FRAMEWORK_HEADER = YES;
				CLANG_WARN_RANGE_LOOP_ANALYSIS = YES;
				CLANG_WARN_STRICT_PROTOTYPES = YES;
				CLANG_WARN_SUSPICIOUS_MOVE = YES;
				CLANG_WARN_UNGUARDED_AVAILABILITY = YES_AGGRESSIVE;
				CLANG_WARN_UNREACHABLE_CODE = YES;
				CLANG_WARN__DUPLICATE_METHOD_MATCH = YES;
				COPY_PHASE_STRIP = NO;
				DEBUG_INFORMATION_FORMAT = "dwarf-with-dsym";
				ENABLE_NS_ASSERTIONS = NO;
				ENABLE_STRICT_OBJC_MSGSEND = YES;
				GCC_C_LANGUAGE_STANDARD = gnu11;
				GCC_NO_COMMON_BLOCKS = YES;
				GCC_WARN_64_TO_32_BIT_CONVERSION = YES;
				GCC_WARN_ABOUT_RETURN_TYPE = YES_ERROR;
				GCC_WARN_UNDECLARED_SELECTOR = YES;
				GCC_WARN_UNINITIALIZED_AUTOS = YES_AGGRESSIVE;
				GCC_WARN_UNUSED_FUNCTION = YES;
				GCC_WARN_UNUSED_VARIABLE = YES;
				IPHONEOS_DEPLOYMENT_TARGET = 15.5;
				MTL_ENABLE_DEBUG_INFO = NO;
				MTL_FAST_MATH = YES;
				SDKROOT = iphoneos;
				SWIFT_COMPILATION_MODE = wholemodule;
				SWIFT_OPTIMIZATION_LEVEL = "-O";
				VALIDATE_PRODUCT = YES;
			};
			name = Release;
		};
		B5B084CC28B7812800238210 /* Debug */ = {
			isa = XCBuildConfiguration;
			baseConfigurationReference = 5F6C040544BACABF51D1F8C2 /* Pods-com.test.satracking.sdk.demo.debug.xcconfig */;
			buildSettings = {
				ASSETCATALOG_COMPILER_APPICON_NAME = AppIcon;
				ASSETCATALOG_COMPILER_GLOBAL_ACCENT_COLOR_NAME = AccentColor;
				CODE_SIGN_STYLE = Automatic;
				CURRENT_PROJECT_VERSION = 1;
				DEVELOPMENT_TEAM = EVFH5445B6;
				GENERATE_INFOPLIST_FILE = YES;
				INFOPLIST_FILE = com.test.satracking.sdk.demo/Info.plist;
				INFOPLIST_KEY_UIApplicationSupportsIndirectInputEvents = YES;
				INFOPLIST_KEY_UILaunchStoryboardName = LaunchScreen;
				INFOPLIST_KEY_UIMainStoryboardFile = Main;
				INFOPLIST_KEY_UISupportedInterfaceOrientations_iPad = "UIInterfaceOrientationPortrait UIInterfaceOrientationPortraitUpsideDown UIInterfaceOrientationLandscapeLeft UIInterfaceOrientationLandscapeRight";
				INFOPLIST_KEY_UISupportedInterfaceOrientations_iPhone = "UIInterfaceOrientationPortrait UIInterfaceOrientationLandscapeLeft UIInterfaceOrientationLandscapeRight";
				IPHONEOS_DEPLOYMENT_TARGET = 13.0;
				LD_RUNPATH_SEARCH_PATHS = (
					"$(inherited)",
					"@executable_path/Frameworks",
				);
				MARKETING_VERSION = 1.0;
				PRODUCT_BUNDLE_IDENTIFIER = "tech.solutionarchitects.com-test-satracking-sdk-demo";
				PRODUCT_NAME = "$(TARGET_NAME)";
				SWIFT_EMIT_LOC_STRINGS = YES;
				SWIFT_VERSION = 5.0;
				TARGETED_DEVICE_FAMILY = "1,2";
			};
			name = Debug;
		};
		B5B084CD28B7812800238210 /* Release */ = {
			isa = XCBuildConfiguration;
			baseConfigurationReference = A92379EEF1E2EC8836E64EAA /* Pods-com.test.satracking.sdk.demo.release.xcconfig */;
			buildSettings = {
				ASSETCATALOG_COMPILER_APPICON_NAME = AppIcon;
				ASSETCATALOG_COMPILER_GLOBAL_ACCENT_COLOR_NAME = AccentColor;
				CODE_SIGN_STYLE = Automatic;
				CURRENT_PROJECT_VERSION = 1;
				DEVELOPMENT_TEAM = EVFH5445B6;
				GENERATE_INFOPLIST_FILE = YES;
				INFOPLIST_FILE = com.test.satracking.sdk.demo/Info.plist;
				INFOPLIST_KEY_UIApplicationSupportsIndirectInputEvents = YES;
				INFOPLIST_KEY_UILaunchStoryboardName = LaunchScreen;
				INFOPLIST_KEY_UIMainStoryboardFile = Main;
				INFOPLIST_KEY_UISupportedInterfaceOrientations_iPad = "UIInterfaceOrientationPortrait UIInterfaceOrientationPortraitUpsideDown UIInterfaceOrientationLandscapeLeft UIInterfaceOrientationLandscapeRight";
				INFOPLIST_KEY_UISupportedInterfaceOrientations_iPhone = "UIInterfaceOrientationPortrait UIInterfaceOrientationLandscapeLeft UIInterfaceOrientationLandscapeRight";
				IPHONEOS_DEPLOYMENT_TARGET = 13.0;
				LD_RUNPATH_SEARCH_PATHS = (
					"$(inherited)",
					"@executable_path/Frameworks",
				);
				MARKETING_VERSION = 1.0;
				PRODUCT_BUNDLE_IDENTIFIER = "tech.solutionarchitects.com-test-satracking-sdk-demo";
				PRODUCT_NAME = "$(TARGET_NAME)";
				SWIFT_EMIT_LOC_STRINGS = YES;
				SWIFT_VERSION = 5.0;
				TARGETED_DEVICE_FAMILY = "1,2";
			};
			name = Release;
		};
/* End XCBuildConfiguration section */

/* Begin XCConfigurationList section */
		B5B084B228B7812700238210 /* Build configuration list for PBXProject "com.test.satracking.sdk.demo" */ = {
			isa = XCConfigurationList;
			buildConfigurations = (
				B5B084C928B7812800238210 /* Debug */,
				B5B084CA28B7812800238210 /* Release */,
			);
			defaultConfigurationIsVisible = 0;
			defaultConfigurationName = Release;
		};
		B5B084CB28B7812800238210 /* Build configuration list for PBXNativeTarget "com.test.satracking.sdk.demo" */ = {
			isa = XCConfigurationList;
			buildConfigurations = (
				B5B084CC28B7812800238210 /* Debug */,
				B5B084CD28B7812800238210 /* Release */,
			);
			defaultConfigurationIsVisible = 0;
			defaultConfigurationName = Release;
		};
/* End XCConfigurationList section */
	};
	rootObject = B5B084AF28B7812700238210 /* Project object */;
}
